
Microsoft Visual Studio Solution File, Format Version 12.00
# Visual Studio Version 17
VisualStudioVersion = 17.14.36127.28 d17.14
MinimumVisualStudioVersion = 10.0.40219.1
Project("{E24C65DC-7377-472B-9ABA-BC803B73C61A}") = "SiteBrechodo3D", "SiteBrechodo3D\", "{A93A7D87-01FE-AD2F-9600-02DAA6C01C90}"
	ProjectSection(WebsiteProperties) = preProject
		TargetFrameworkMoniker = ".NETFramework,Version%3Dv4.7.2"
		Debug.AspNetCompiler.VirtualPath = "/localhost_56067"
		Debug.AspNetCompiler.PhysicalPath = "SiteBrechodo3D\"
		Debug.AspNetCompiler.TargetPath = "PrecompiledWeb\localhost_56067\"
		Debug.AspNetCompiler.Updateable = "true"
		Debug.AspNetCompiler.ForceOverwrite = "true"
		Debug.AspNetCompiler.FixedNames = "false"
		Debug.AspNetCompiler.Debug = "True"
		Release.AspNetCompiler.VirtualPath = "/localhost_56067"
		Release.AspNetCompiler.PhysicalPath = "SiteBrechodo3D\"
		Release.AspNetCompiler.TargetPath = "PrecompiledWeb\localhost_56067\"
		Release.AspNetCompiler.Updateable = "true"
		Release.AspNetCompiler.ForceOverwrite = "true"
		Release.AspNetCompiler.FixedNames = "false"
		Release.AspNetCompiler.Debug = "False"
		VWDPort = "56067"
		SlnRelativePath = "SiteBrechodo3D\"
		DefaultWebSiteLanguage = "Visual Basic"
	EndProjectSection
EndProject
Global
	GlobalSection(SolutionConfigurationPlatforms) = preSolution
		Debug|Any CPU = Debug|Any CPU
	EndGlobalSection
	GlobalSection(ProjectConfigurationPlatforms) = postSolution
		{A93A7D87-01FE-AD2F-9600-02DAA6C01C90}.Debug|Any CPU.ActiveCfg = Debug|Any CPU
		{A93A7D87-01FE-AD2F-9600-02DAA6C01C90}.Debug|Any CPU.Build.0 = Debug|Any CPU
	EndGlobalSection
	GlobalSection(SolutionProperties) = preSolution
		HideSolutionNode = FALSE
	EndGlobalSection
	GlobalSection(ExtensibilityGlobals) = postSolution
		SolutionGuid = {79DD0A85-AD6F-4090-B22A-A798D4DA23F3}
	EndGlobalSection
EndGlobal
